{
  "nodes": {
    "cachix": {
      "locked": {
        "lastModified": 1651093906,
        "narHash": "sha256-kHXSbv+Hc73eV0/JVJ5YsJGr08bA4vJ3/XZew5PgZg0=",
        "owner": "nixos",
        "repo": "nixpkgs",
        "rev": "feea25c58657fa81d16e0e51f80e1a02ef4cbd49",
        "type": "github"
      },
      "original": {
        "owner": "nixos",
        "ref": "nixos-21.11",
        "repo": "nixpkgs",
        "type": "github"
      }
    },
    "flake-compat": {
      "flake": false,
      "locked": {
        "lastModified": 1650374568,
        "narHash": "sha256-Z+s0J8/r907g149rllvwhb4pKi8Wam5ij0st8PwAh+E=",
        "owner": "edolstra",
        "repo": "flake-compat",
        "rev": "b4a34015c698c7793d592d66adbab377907a2be8",
        "type": "github"
      },
      "original": {
        "owner": "edolstra",
        "repo": "flake-compat",
        "type": "github"
      }
    },
    "flake-utils": {
      "locked": {
        "lastModified": 1649676176,
        "narHash": "sha256-OWKJratjt2RW151VUlJPRALb7OU2S5s+f0vLj4o1bHM=",
        "owner": "numtide",
        "repo": "flake-utils",
        "rev": "a4b154ebbdc88c8498a5c7b01589addc9e9cb678",
        "type": "github"
      },
      "original": {
        "owner": "numtide",
        "repo": "flake-utils",
        "type": "github"
      }
    },
    "home-manager": {
      "inputs": {
        "nixpkgs": "nixpkgs"
      },
      "locked": {
        "lastModified": 1651007090,
        "narHash": "sha256-C/OoQRzTUOWEr1sd3xTKA2GudA1YG1XB3MlL6KfTchg=",
        "owner": "nix-community",
        "repo": "home-manager",
        "rev": "778af87a981eb2bfa3566dff8c3fb510856329ef",
        "type": "github"
      },
      "original": {
        "owner": "nix-community",
        "repo": "home-manager",
        "type": "github"
      }
    },
    "nixos-hardware": {
      "locked": {
        "lastModified": 1650522846,
        "narHash": "sha256-SxWHXRI3qJwswyXAtzsi6PKVY3KLNNnb072KaJthII8=",
        "owner": "nixos",
        "repo": "nixos-hardware",
        "rev": "6b4ebea9093c997c5f275c820e679108de4871ab",
        "type": "github"
      },
      "original": {
        "owner": "nixos",
        "repo": "nixos-hardware",
        "type": "github"
      }
    },
    "nixpkgs": {
      "locked": {
        "lastModified": 1651114127,
        "narHash": "sha256-/lLC0wkMZkAdA5e1W76SnJzbhfOGDvync3VRHJMtAKk=",
        "owner": "NixOS",
        "repo": "nixpkgs",
        "rev": "6766fb6503ae1ebebc2a9704c162b2aef351f921",
        "type": "github"
      },
      "original": {
        "id": "nixpkgs",
        "type": "indirect"
      }
    },
    "nixpkgs-unstable": {
      "locked": {
        "lastModified": 1651007983,
        "narHash": "sha256-GNay7yDPtLcRcKCNHldug85AhAvBpTtPEJWSSDYBw8U=",
        "owner": "nixos",
        "repo": "nixpkgs",
        "rev": "e10da1c7f542515b609f8dfbcf788f3d85b14936",
        "type": "github"
      },
      "original": {
        "owner": "nixos",
        "ref": "nixos-unstable",
        "repo": "nixpkgs",
        "type": "github"
      }
    },
    "nixpkgs-wayland": {
      "inputs": {
        "cachix": "cachix",
        "flake-compat": "flake-compat",
        "nixpkgs": "nixpkgs_3"
      },
      "locked": {
        "lastModified": 1651228775,
        "narHash": "sha256-UqqJrvGfNE2n8sFZ+mUbp27HxxKdBXbbpWehB0wI3YE=",
        "owner": "nix-community",
        "repo": "nixpkgs-wayland",
        "rev": "e12a7b6c14deef97ad37da6df78a16884f27429f",
        "type": "github"
      },
      "original": {
        "owner": "nix-community",
        "repo": "nixpkgs-wayland",
        "type": "github"
      }
    },
    "nixpkgs_2": {
      "locked": {
        "lastModified": 1651093906,
        "narHash": "sha256-kHXSbv+Hc73eV0/JVJ5YsJGr08bA4vJ3/XZew5PgZg0=",
        "owner": "nixos",
        "repo": "nixpkgs",
        "rev": "feea25c58657fa81d16e0e51f80e1a02ef4cbd49",
        "type": "github"
      },
      "original": {
        "owner": "nixos",
        "ref": "nixos-21.11",
        "repo": "nixpkgs",
        "type": "github"
      }
    },
    "nixpkgs_3": {
      "locked": {
        "lastModified": 1651007983,
        "narHash": "sha256-GNay7yDPtLcRcKCNHldug85AhAvBpTtPEJWSSDYBw8U=",
        "owner": "nixos",
        "repo": "nixpkgs",
        "rev": "e10da1c7f542515b609f8dfbcf788f3d85b14936",
        "type": "github"
      },
      "original": {
        "owner": "nixos",
        "ref": "nixos-unstable",
        "repo": "nixpkgs",
        "type": "github"
      }
    },
    "root": {
      "inputs": {
        "flake-utils": "flake-utils",
        "home-manager": "home-manager",
        "nixos-hardware": "nixos-hardware",
        "nixpkgs": "nixpkgs_2",
        "nixpkgs-unstable": "nixpkgs-unstable",
        "nixpkgs-wayland": "nixpkgs-wayland"
      }
    }
  },
  "root": "root",
  "version": 7
}
